
Microsoft Visual Studio Solution File, Format Version 12.00
# Visual Studio Version 16
VisualStudioVersion = 16.0.31911.196
MinimumVisualStudioVersion = 10.0.40219.1
Project("{FAE04EC0-301F-11D3-BF4B-00C04F79EFBC}") = "MyFirstLangConsole", "MyFirstLangConsole\MyFirstLangConsole.csproj", "{F15731AB-9DD6-491F-BCE7-8462B96EDD0D}"
EndProject
Global
	GlobalSection(SolutionConfigurationPlatforms) = preSolution
		Debug|Any CPU = Debug|Any CPU
		Release|Any CPU = Release|Any CPU
	EndGlobalSection
	GlobalSection(ProjectConfigurationPlatforms) = postSolution
		{F15731AB-9DD6-491F-BCE7-8462B96EDD0D}.Debug|Any CPU.ActiveCfg = Debug|Any CPU
		{F15731AB-9DD6-491F-BCE7-8462B96EDD0D}.Debug|Any CPU.Build.0 = Debug|Any CPU
		{F15731AB-9DD6-491F-BCE7-8462B96EDD0D}.Release|Any CPU.ActiveCfg = Release|Any CPU
		{F15731AB-9DD6-491F-BCE7-8462B96EDD0D}.Release|Any CPU.Build.0 = Release|Any CPU
	EndGlobalSection
	GlobalSection(SolutionProperties) = preSolution
		HideSolutionNode = FALSE
	EndGlobalSection
	GlobalSection(ExtensibilityGlobals) = postSolution
		SolutionGuid = {F1E0989C-D981-4E4E-81CF-734D68F73E43}
	EndGlobalSection
EndGlobal
